
Microsoft Visual Studio Solution File, Format Version 12.00
# Visual Studio Version 17
VisualStudioVersion = 17.8.34408.163
MinimumVisualStudioVersion = 10.0.40219.1
Project("{9A19103F-16F7-4668-BE54-9A1E7A4F7556}") = "Rock Paper Scissors Lizard Spock", "Task3\Rock Paper Scissors Lizard Spock.csproj", "{343F2420-3665-421C-8011-DDF8267CDF1E}"
EndProject
Global
	GlobalSection(SolutionConfigurationPlatforms) = preSolution
		Debug|Any CPU = Debug|Any CPU
		Release|Any CPU = Release|Any CPU
	EndGlobalSection
	GlobalSection(ProjectConfigurationPlatforms) = postSolution
		{343F2420-3665-421C-8011-DDF8267CDF1E}.Debug|Any CPU.ActiveCfg = Debug|Any CPU
		{343F2420-3665-421C-8011-DDF8267CDF1E}.Debug|Any CPU.Build.0 = Debug|Any CPU
		{343F2420-3665-421C-8011-DDF8267CDF1E}.Release|Any CPU.ActiveCfg = Release|Any CPU
		{343F2420-3665-421C-8011-DDF8267CDF1E}.Release|Any CPU.Build.0 = Release|Any CPU
	EndGlobalSection
	GlobalSection(SolutionProperties) = preSolution
		HideSolutionNode = FALSE
	EndGlobalSection
	GlobalSection(ExtensibilityGlobals) = postSolution
		SolutionGuid = {FED45706-9B24-47FF-8DA2-21C8506D96BE}
	EndGlobalSection
EndGlobal
